
Microsoft Visual Studio Solution File, Format Version 12.00
# Visual Studio Version 17
VisualStudioVersion = 17.8.34322.80
MinimumVisualStudioVersion = 10.0.40219.1
Project("{9A19103F-16F7-4668-BE54-9A1E7A4F7556}") = "KafkaDotnetTest", "KafkaDotnetTest\KafkaDotnetTest.csproj", "{955AD955-B92B-4607-94ED-928F35FF0B87}"
EndProject
Global
	GlobalSection(SolutionConfigurationPlatforms) = preSolution
		Debug|Any CPU = Debug|Any CPU
		Release|Any CPU = Release|Any CPU
	EndGlobalSection
	GlobalSection(ProjectConfigurationPlatforms) = postSolution
		{955AD955-B92B-4607-94ED-928F35FF0B87}.Debug|Any CPU.ActiveCfg = Debug|Any CPU
		{955AD955-B92B-4607-94ED-928F35FF0B87}.Debug|Any CPU.Build.0 = Debug|Any CPU
		{955AD955-B92B-4607-94ED-928F35FF0B87}.Release|Any CPU.ActiveCfg = Release|Any CPU
		{955AD955-B92B-4607-94ED-928F35FF0B87}.Release|Any CPU.Build.0 = Release|Any CPU
	EndGlobalSection
	GlobalSection(SolutionProperties) = preSolution
		HideSolutionNode = FALSE
	EndGlobalSection
	GlobalSection(ExtensibilityGlobals) = postSolution
		SolutionGuid = {4DC4E98C-87E1-449D-9245-5CC5A0600896}
	EndGlobalSection
EndGlobal
